// !$*UTF8*$!
{
	archiveVersion = 1;
	classes = {
	};
	objectVersion = 50;
	objects = {

/* Begin PBXBuildFile section */
		4547B93421F6D09800D4C8FE /* QizDetailVC.swift in Sources */ = {isa = PBXBuildFile; fileRef = 4547B93321F6D09800D4C8FE /* QizDetailVC.swift */; };
		4547B93621F94CAE00D4C8FE /* QizDetailCell.swift in Sources */ = {isa = PBXBuildFile; fileRef = 4547B93521F94CAE00D4C8FE /* QizDetailCell.swift */; };
		4547B93921F96FCA00D4C8FE /* TopicCell.swift in Sources */ = {isa = PBXBuildFile; fileRef = 4547B93721F96FCA00D4C8FE /* TopicCell.swift */; };
		4547B93A21F96FCA00D4C8FE /* TopicCell.xib in Resources */ = {isa = PBXBuildFile; fileRef = 4547B93821F96FCA00D4C8FE /* TopicCell.xib */; };
		4547B93F21FAC30000D4C8FE /* RecordVC.swift in Sources */ = {isa = PBXBuildFile; fileRef = 4547B93E21FAC30000D4C8FE /* RecordVC.swift */; };
		4547B94121FADDF600D4C8FE /* RecordCell.swift in Sources */ = {isa = PBXBuildFile; fileRef = 4547B94021FADDF600D4C8FE /* RecordCell.swift */; };
		4547B94321FE8C4D00D4C8FE /* RecordDetailVC.swift in Sources */ = {isa = PBXBuildFile; fileRef = 4547B94221FE8C4D00D4C8FE /* RecordDetailVC.swift */; };
		4570AB5D21F1B906004A4FDE /* AppDelegate.swift in Sources */ = {isa = PBXBuildFile; fileRef = 4570AB5C21F1B906004A4FDE /* AppDelegate.swift */; };
		4570AB5F21F1B906004A4FDE /* ViewController.swift in Sources */ = {isa = PBXBuildFile; fileRef = 4570AB5E21F1B906004A4FDE /* ViewController.swift */; };
		4570AB6221F1B906004A4FDE /* Main.storyboard in Resources */ = {isa = PBXBuildFile; fileRef = 4570AB6021F1B906004A4FDE /* Main.storyboard */; };
		4570AB6521F1B906004A4FDE /* SpeakPart2.xcdatamodeld in Sources */ = {isa = PBXBuildFile; fileRef = 4570AB6321F1B906004A4FDE /* SpeakPart2.xcdatamodeld */; };
		4570AB6721F1B907004A4FDE /* Assets.xcassets in Resources */ = {isa = PBXBuildFile; fileRef = 4570AB6621F1B907004A4FDE /* Assets.xcassets */; };
		4570AB6A21F1B907004A4FDE /* LaunchScreen.storyboard in Resources */ = {isa = PBXBuildFile; fileRef = 4570AB6821F1B907004A4FDE /* LaunchScreen.storyboard */; };
		4570AB7421F1BD65004A4FDE /* TestVC.swift in Sources */ = {isa = PBXBuildFile; fileRef = 4570AB7321F1BD65004A4FDE /* TestVC.swift */; };
		4570AB7821F1BE14004A4FDE /* Utl.swift in Sources */ = {isa = PBXBuildFile; fileRef = 4570AB7721F1BE14004A4FDE /* Utl.swift */; };
		4570AB7A21F1BE77004A4FDE /* Reachability.swift in Sources */ = {isa = PBXBuildFile; fileRef = 4570AB7921F1BE77004A4FDE /* Reachability.swift */; };
		4570AB8D21F2C430004A4FDE /* ExamDB+CoreDataClass.swift in Sources */ = {isa = PBXBuildFile; fileRef = 4570AB8B21F2C430004A4FDE /* ExamDB+CoreDataClass.swift */; };
		4570AB8E21F2C430004A4FDE /* ExamDB+CoreDataProperties.swift in Sources */ = {isa = PBXBuildFile; fileRef = 4570AB8C21F2C430004A4FDE /* ExamDB+CoreDataProperties.swift */; };
		4570AB9021F2C488004A4FDE /* ExamList.swift in Sources */ = {isa = PBXBuildFile; fileRef = 4570AB8F21F2C488004A4FDE /* ExamList.swift */; };
		4570AB9221F2C890004A4FDE /* QuestionList.swift in Sources */ = {isa = PBXBuildFile; fileRef = 4570AB9121F2C890004A4FDE /* QuestionList.swift */; };
		4570AB9621F30965004A4FDE /* QuestionVC.swift in Sources */ = {isa = PBXBuildFile; fileRef = 4570AB9521F30965004A4FDE /* QuestionVC.swift */; };
		4570AB9921F31E46004A4FDE /* QizCell.swift in Sources */ = {isa = PBXBuildFile; fileRef = 4570AB9721F31E46004A4FDE /* QizCell.swift */; };
		4570AB9A21F31E46004A4FDE /* QizCell.xib in Resources */ = {isa = PBXBuildFile; fileRef = 4570AB9821F31E46004A4FDE /* QizCell.xib */; };
		4570AB9C21F32481004A4FDE /* AppExtension.swift in Sources */ = {isa = PBXBuildFile; fileRef = 4570AB9B21F32481004A4FDE /* AppExtension.swift */; };
		9B0637DC221D99260088A768 /* SpeakingTopic.plist in Resources */ = {isa = PBXBuildFile; fileRef = 9B0637DB221D99260088A768 /* SpeakingTopic.plist */; };
		9B18D53022194C7F0045A648 /* SwitchCell.swift in Sources */ = {isa = PBXBuildFile; fileRef = 9B18D52F22194C7F0045A648 /* SwitchCell.swift */; };
		9B18D5322219BA340045A648 /* WeekCell.swift in Sources */ = {isa = PBXBuildFile; fileRef = 9B18D5312219BA340045A648 /* WeekCell.swift */; };
		9B88BFFD221450E400CC6A16 /* MenuVC.swift in Sources */ = {isa = PBXBuildFile; fileRef = 9B88BFFC221450E400CC6A16 /* MenuVC.swift */; };
		9B88C0012214531E00CC6A16 /* MenuHeaderCell.swift in Sources */ = {isa = PBXBuildFile; fileRef = 9B88C0002214531E00CC6A16 /* MenuHeaderCell.swift */; };
		9B88C0032214532900CC6A16 /* MenuHeaderCell.xib in Resources */ = {isa = PBXBuildFile; fileRef = 9B88C0022214532900CC6A16 /* MenuHeaderCell.xib */; };
		9B88C00522145E1700CC6A16 /* MenuCell.swift in Sources */ = {isa = PBXBuildFile; fileRef = 9B88C00422145E1700CC6A16 /* MenuCell.swift */; };
		9B88C009221466B300CC6A16 /* MenuDetailVC.swift in Sources */ = {isa = PBXBuildFile; fileRef = 9B88C008221466B300CC6A16 /* MenuDetailVC.swift */; };
/* End PBXBuildFile section */

/* Begin PBXFileReference section */
		4547B93321F6D09800D4C8FE /* QizDetailVC.swift */ = {isa = PBXFileReference; lastKnownFileType = sourcecode.swift; path = QizDetailVC.swift; sourceTree = "<group>"; };
		4547B93521F94CAE00D4C8FE /* QizDetailCell.swift */ = {isa = PBXFileReference; lastKnownFileType = sourcecode.swift; path = QizDetailCell.swift; sourceTree = "<group>"; };
		4547B93721F96FCA00D4C8FE /* TopicCell.swift */ = {isa = PBXFileReference; lastKnownFileType = sourcecode.swift; path = TopicCell.swift; sourceTree = "<group>"; };
		4547B93821F96FCA00D4C8FE /* TopicCell.xib */ = {isa = PBXFileReference; lastKnownFileType = file.xib; path = TopicCell.xib; sourceTree = "<group>"; };
		4547B93E21FAC30000D4C8FE /* RecordVC.swift */ = {isa = PBXFileReference; lastKnownFileType = sourcecode.swift; path = RecordVC.swift; sourceTree = "<group>"; };
		4547B94021FADDF600D4C8FE /* RecordCell.swift */ = {isa = PBXFileReference; lastKnownFileType = sourcecode.swift; path = RecordCell.swift; sourceTree = "<group>"; };
		4547B94221FE8C4D00D4C8FE /* RecordDetailVC.swift */ = {isa = PBXFileReference; lastKnownFileType = sourcecode.swift; path = RecordDetailVC.swift; sourceTree = "<group>"; };
		4570AB5921F1B906004A4FDE /* SpeakPart2.app */ = {isa = PBXFileReference; explicitFileType = wrapper.application; includeInIndex = 0; path = SpeakPart2.app; sourceTree = BUILT_PRODUCTS_DIR; };
		4570AB5C21F1B906004A4FDE /* AppDelegate.swift */ = {isa = PBXFileReference; lastKnownFileType = sourcecode.swift; path = AppDelegate.swift; sourceTree = "<group>"; };
		4570AB5E21F1B906004A4FDE /* ViewController.swift */ = {isa = PBXFileReference; lastKnownFileType = sourcecode.swift; path = ViewController.swift; sourceTree = "<group>"; };
		4570AB6121F1B906004A4FDE /* Base */ = {isa = PBXFileReference; lastKnownFileType = file.storyboard; name = Base; path = Base.lproj/Main.storyboard; sourceTree = "<group>"; };
		4570AB6421F1B906004A4FDE /* SpeakPart2.xcdatamodel */ = {isa = PBXFileReference; lastKnownFileType = wrapper.xcdatamodel; path = SpeakPart2.xcdatamodel; sourceTree = "<group>"; };
		4570AB6621F1B907004A4FDE /* Assets.xcassets */ = {isa = PBXFileReference; lastKnownFileType = folder.assetcatalog; path = Assets.xcassets; sourceTree = "<group>"; };
		4570AB6921F1B907004A4FDE /* Base */ = {isa = PBXFileReference; lastKnownFileType = file.storyboard; name = Base; path = Base.lproj/LaunchScreen.storyboard; sourceTree = "<group>"; };
		4570AB6B21F1B907004A4FDE /* Info.plist */ = {isa = PBXFileReference; lastKnownFileType = text.plist.xml; path = Info.plist; sourceTree = "<group>"; };
		4570AB7321F1BD65004A4FDE /* TestVC.swift */ = {isa = PBXFileReference; lastKnownFileType = sourcecode.swift; path = TestVC.swift; sourceTree = "<group>"; };
		4570AB7721F1BE14004A4FDE /* Utl.swift */ = {isa = PBXFileReference; fileEncoding = 4; lastKnownFileType = sourcecode.swift; path = Utl.swift; sourceTree = "<group>"; };
		4570AB7921F1BE77004A4FDE /* Reachability.swift */ = {isa = PBXFileReference; fileEncoding = 4; lastKnownFileType = sourcecode.swift; path = Reachability.swift; sourceTree = "<group>"; };
		4570AB8B21F2C430004A4FDE /* ExamDB+CoreDataClass.swift */ = {isa = PBXFileReference; lastKnownFileType = sourcecode.swift; path = "ExamDB+CoreDataClass.swift"; sourceTree = "<group>"; };
		4570AB8C21F2C430004A4FDE /* ExamDB+CoreDataProperties.swift */ = {isa = PBXFileReference; lastKnownFileType = sourcecode.swift; path = "ExamDB+CoreDataProperties.swift"; sourceTree = "<group>"; };
		4570AB8F21F2C488004A4FDE /* ExamList.swift */ = {isa = PBXFileReference; lastKnownFileType = sourcecode.swift; path = ExamList.swift; sourceTree = "<group>"; };
		4570AB9121F2C890004A4FDE /* QuestionList.swift */ = {isa = PBXFileReference; lastKnownFileType = sourcecode.swift; path = QuestionList.swift; sourceTree = "<group>"; };
		4570AB9521F30965004A4FDE /* QuestionVC.swift */ = {isa = PBXFileReference; lastKnownFileType = sourcecode.swift; path = QuestionVC.swift; sourceTree = "<group>"; };
		4570AB9721F31E46004A4FDE /* QizCell.swift */ = {isa = PBXFileReference; lastKnownFileType = sourcecode.swift; path = QizCell.swift; sourceTree = "<group>"; };
		4570AB9821F31E46004A4FDE /* QizCell.xib */ = {isa = PBXFileReference; lastKnownFileType = file.xib; path = QizCell.xib; sourceTree = "<group>"; };
		4570AB9B21F32481004A4FDE /* AppExtension.swift */ = {isa = PBXFileReference; lastKnownFileType = sourcecode.swift; path = AppExtension.swift; sourceTree = "<group>"; };
		9B0637DB221D99260088A768 /* SpeakingTopic.plist */ = {isa = PBXFileReference; fileEncoding = 4; lastKnownFileType = text.plist.xml; path = SpeakingTopic.plist; sourceTree = "<group>"; };
		9B18D52F22194C7F0045A648 /* SwitchCell.swift */ = {isa = PBXFileReference; lastKnownFileType = sourcecode.swift; path = SwitchCell.swift; sourceTree = "<group>"; };
		9B18D5312219BA340045A648 /* WeekCell.swift */ = {isa = PBXFileReference; lastKnownFileType = sourcecode.swift; path = WeekCell.swift; sourceTree = "<group>"; };
		9B88BFFC221450E400CC6A16 /* MenuVC.swift */ = {isa = PBXFileReference; lastKnownFileType = sourcecode.swift; path = MenuVC.swift; sourceTree = "<group>"; };
		9B88C0002214531E00CC6A16 /* MenuHeaderCell.swift */ = {isa = PBXFileReference; lastKnownFileType = sourcecode.swift; path = MenuHeaderCell.swift; sourceTree = "<group>"; };
		9B88C0022214532900CC6A16 /* MenuHeaderCell.xib */ = {isa = PBXFileReference; lastKnownFileType = file.xib; path = MenuHeaderCell.xib; sourceTree = "<group>"; };
		9B88C00422145E1700CC6A16 /* MenuCell.swift */ = {isa = PBXFileReference; lastKnownFileType = sourcecode.swift; path = MenuCell.swift; sourceTree = "<group>"; };
		9B88C008221466B300CC6A16 /* MenuDetailVC.swift */ = {isa = PBXFileReference; lastKnownFileType = sourcecode.swift; path = MenuDetailVC.swift; sourceTree = "<group>"; };
/* End PBXFileReference section */

/* Begin PBXFrameworksBuildPhase section */
		4570AB5621F1B906004A4FDE /* Frameworks */ = {
			isa = PBXFrameworksBuildPhase;
			buildActionMask = 2147483647;
			files = (
			);
			runOnlyForDeploymentPostprocessing = 0;
		};
/* End PBXFrameworksBuildPhase section */

/* Begin PBXGroup section */
		4547B92D21F5783200D4C8FE /* Home */ = {
			isa = PBXGroup;
			children = (
				4570AB5E21F1B906004A4FDE /* ViewController.swift */,
				4570AB7321F1BD65004A4FDE /* TestVC.swift */,
			);
			name = Home;
			sourceTree = "<group>";
		};
		4547B92E21F5784100D4C8FE /* Question */ = {
			isa = PBXGroup;
			children = (
				4547B93B21F96FD200D4C8FE /* Topic */,
				4547B93C21F96FE700D4C8FE /* Question */,
			);
			name = Question;
			sourceTree = "<group>";
		};
		4547B93B21F96FD200D4C8FE /* Topic */ = {
			isa = PBXGroup;
			children = (
				4570AB9521F30965004A4FDE /* QuestionVC.swift */,
				4570AB9721F31E46004A4FDE /* QizCell.swift */,
				4570AB9821F31E46004A4FDE /* QizCell.xib */,
			);
			name = Topic;
			sourceTree = "<group>";
		};
		4547B93C21F96FE700D4C8FE /* Question */ = {
			isa = PBXGroup;
			children = (
				4547B93321F6D09800D4C8FE /* QizDetailVC.swift */,
				4547B93521F94CAE00D4C8FE /* QizDetailCell.swift */,
				4547B93721F96FCA00D4C8FE /* TopicCell.swift */,
				4547B93821F96FCA00D4C8FE /* TopicCell.xib */,
			);
			name = Question;
			sourceTree = "<group>";
		};
		4547B93D21FAC2E900D4C8FE /* Record */ = {
			isa = PBXGroup;
			children = (
				4547B93E21FAC30000D4C8FE /* RecordVC.swift */,
				4547B94021FADDF600D4C8FE /* RecordCell.swift */,
				4547B94221FE8C4D00D4C8FE /* RecordDetailVC.swift */,
			);
			name = Record;
			sourceTree = "<group>";
		};
		4570AB5021F1B906004A4FDE = {
			isa = PBXGroup;
			children = (
				4570AB5B21F1B906004A4FDE /* SpeakPart2 */,
				4570AB5A21F1B906004A4FDE /* Products */,
			);
			sourceTree = "<group>";
		};
		4570AB5A21F1B906004A4FDE /* Products */ = {
			isa = PBXGroup;
			children = (
				4570AB5921F1B906004A4FDE /* SpeakPart2.app */,
			);
			name = Products;
			sourceTree = "<group>";
		};
		4570AB5B21F1B906004A4FDE /* SpeakPart2 */ = {
			isa = PBXGroup;
			children = (
				4570AB8421F2BD96004A4FDE /* Database */,
				4570AB7D21F1C2AD004A4FDE /* Resource */,
				4570AB7C21F1C29D004A4FDE /* VC */,
				4570AB7B21F1C28E004A4FDE /* Model */,
				4570AB5C21F1B906004A4FDE /* AppDelegate.swift */,
				4570AB6021F1B906004A4FDE /* Main.storyboard */,
				4570AB6621F1B907004A4FDE /* Assets.xcassets */,
				4570AB6821F1B907004A4FDE /* LaunchScreen.storyboard */,
				4570AB6B21F1B907004A4FDE /* Info.plist */,
				9B0637DB221D99260088A768 /* SpeakingTopic.plist */,
				4570AB6321F1B906004A4FDE /* SpeakPart2.xcdatamodeld */,
			);
			path = SpeakPart2;
			sourceTree = "<group>";
		};
		4570AB7B21F1C28E004A4FDE /* Model */ = {
			isa = PBXGroup;
			children = (
				4570AB8F21F2C488004A4FDE /* ExamList.swift */,
				4570AB9121F2C890004A4FDE /* QuestionList.swift */,
			);
			name = Model;
			sourceTree = "<group>";
		};
		4570AB7C21F1C29D004A4FDE /* VC */ = {
			isa = PBXGroup;
			children = (
				9B88BFFB221450C100CC6A16 /* Menu */,
				4547B93D21FAC2E900D4C8FE /* Record */,
				4547B92D21F5783200D4C8FE /* Home */,
				4547B92E21F5784100D4C8FE /* Question */,
			);
			name = VC;
			sourceTree = "<group>";
		};
		4570AB7D21F1C2AD004A4FDE /* Resource */ = {
			isa = PBXGroup;
			children = (
				4570AB7721F1BE14004A4FDE /* Utl.swift */,
				4570AB7921F1BE77004A4FDE /* Reachability.swift */,
				4570AB9B21F32481004A4FDE /* AppExtension.swift */,
			);
			name = Resource;
			sourceTree = "<group>";
		};
		4570AB8421F2BD96004A4FDE /* Database */ = {
			isa = PBXGroup;
			children = (
				4570AB8B21F2C430004A4FDE /* ExamDB+CoreDataClass.swift */,
				4570AB8C21F2C430004A4FDE /* ExamDB+CoreDataProperties.swift */,
			);
			name = Database;
			sourceTree = "<group>";
		};
		9B18D52E22194C520045A648 /* Cell */ = {
			isa = PBXGroup;
			children = (
				9B88C0002214531E00CC6A16 /* MenuHeaderCell.swift */,
				9B88C0022214532900CC6A16 /* MenuHeaderCell.xib */,
				9B88C00422145E1700CC6A16 /* MenuCell.swift */,
				9B18D52F22194C7F0045A648 /* SwitchCell.swift */,
				9B18D5312219BA340045A648 /* WeekCell.swift */,
			);
			name = Cell;
			sourceTree = "<group>";
		};
		9B88BFFB221450C100CC6A16 /* Menu */ = {
			isa = PBXGroup;
			children = (
				9B18D52E22194C520045A648 /* Cell */,
				9B88BFFC221450E400CC6A16 /* MenuVC.swift */,
				9B88C008221466B300CC6A16 /* MenuDetailVC.swift */,
			);
			name = Menu;
			sourceTree = "<group>";
		};
/* End PBXGroup section */

/* Begin PBXNativeTarget section */
		4570AB5821F1B906004A4FDE /* SpeakPart2 */ = {
			isa = PBXNativeTarget;
			buildConfigurationList = 4570AB6E21F1B907004A4FDE /* Build configuration list for PBXNativeTarget "SpeakPart2" */;
			buildPhases = (
				4570AB5521F1B906004A4FDE /* Sources */,
				4570AB5621F1B906004A4FDE /* Frameworks */,
				4570AB5721F1B906004A4FDE /* Resources */,
			);
			buildRules = (
			);
			dependencies = (
			);
			name = SpeakPart2;
			productName = SpeakPart2;
			productReference = 4570AB5921F1B906004A4FDE /* SpeakPart2.app */;
			productType = "com.apple.product-type.application";
		};
/* End PBXNativeTarget section */

/* Begin PBXProject section */
		4570AB5121F1B906004A4FDE /* Project object */ = {
			isa = PBXProject;
			attributes = {
				LastSwiftUpdateCheck = 1010;
				LastUpgradeCheck = 1010;
				ORGANIZATIONNAME = com.zoe.SpeakTestHelper;
				TargetAttributes = {
					4570AB5821F1B906004A4FDE = {
						CreatedOnToolsVersion = 10.1;
					};
				};
			};
			buildConfigurationList = 4570AB5421F1B906004A4FDE /* Build configuration list for PBXProject "SpeakPart2" */;
			compatibilityVersion = "Xcode 9.3";
			developmentRegion = en;
			hasScannedForEncodings = 0;
			knownRegions = (
				en,
				Base,
			);
			mainGroup = 4570AB5021F1B906004A4FDE;
			productRefGroup = 4570AB5A21F1B906004A4FDE /* Products */;
			projectDirPath = "";
			projectRoot = "";
			targets = (
				4570AB5821F1B906004A4FDE /* SpeakPart2 */,
			);
		};
/* End PBXProject section */

/* Begin PBXResourcesBuildPhase section */
		4570AB5721F1B906004A4FDE /* Resources */ = {
			isa = PBXResourcesBuildPhase;
			buildActionMask = 2147483647;
			files = (
				9B0637DC221D99260088A768 /* SpeakingTopic.plist in Resources */,
				4570AB6A21F1B907004A4FDE /* LaunchScreen.storyboard in Resources */,
				4570AB9A21F31E46004A4FDE /* QizCell.xib in Resources */,
				4570AB6721F1B907004A4FDE /* Assets.xcassets in Resources */,
				4570AB6221F1B906004A4FDE /* Main.storyboard in Resources */,
				9B88C0032214532900CC6A16 /* MenuHeaderCell.xib in Resources */,
				4547B93A21F96FCA00D4C8FE /* TopicCell.xib in Resources */,
			);
			runOnlyForDeploymentPostprocessing = 0;
		};
/* End PBXResourcesBuildPhase section */

/* Begin PBXSourcesBuildPhase section */
		4570AB5521F1B906004A4FDE /* Sources */ = {
			isa = PBXSourcesBuildPhase;
			buildActionMask = 2147483647;
			files = (
				4570AB7A21F1BE77004A4FDE /* Reachability.swift in Sources */,
				4570AB7421F1BD65004A4FDE /* TestVC.swift in Sources */,
				4570AB9621F30965004A4FDE /* QuestionVC.swift in Sources */,
				9B88C009221466B300CC6A16 /* MenuDetailVC.swift in Sources */,
				4570AB7821F1BE14004A4FDE /* Utl.swift in Sources */,
				9B18D53022194C7F0045A648 /* SwitchCell.swift in Sources */,
				4547B94121FADDF600D4C8FE /* RecordCell.swift in Sources */,
				4570AB5F21F1B906004A4FDE /* ViewController.swift in Sources */,
				4570AB9C21F32481004A4FDE /* AppExtension.swift in Sources */,
				4570AB8D21F2C430004A4FDE /* ExamDB+CoreDataClass.swift in Sources */,
				4570AB5D21F1B906004A4FDE /* AppDelegate.swift in Sources */,
				9B88BFFD221450E400CC6A16 /* MenuVC.swift in Sources */,
				9B18D5322219BA340045A648 /* WeekCell.swift in Sources */,
				4547B93621F94CAE00D4C8FE /* QizDetailCell.swift in Sources */,
				4547B93921F96FCA00D4C8FE /* TopicCell.swift in Sources */,
				4547B93421F6D09800D4C8FE /* QizDetailVC.swift in Sources */,
				4547B94321FE8C4D00D4C8FE /* RecordDetailVC.swift in Sources */,
				4570AB8E21F2C430004A4FDE /* ExamDB+CoreDataProperties.swift in Sources */,
				4570AB9921F31E46004A4FDE /* QizCell.swift in Sources */,
				9B88C00522145E1700CC6A16 /* MenuCell.swift in Sources */,
				4570AB9221F2C890004A4FDE /* QuestionList.swift in Sources */,
				4547B93F21FAC30000D4C8FE /* RecordVC.swift in Sources */,
				9B88C0012214531E00CC6A16 /* MenuHeaderCell.swift in Sources */,
				4570AB6521F1B906004A4FDE /* SpeakPart2.xcdatamodeld in Sources */,
				4570AB9021F2C488004A4FDE /* ExamList.swift in Sources */,
			);
			runOnlyForDeploymentPostprocessing = 0;
		};
/* End PBXSourcesBuildPhase section */

/* Begin PBXVariantGroup section */
		4570AB6021F1B906004A4FDE /* Main.storyboard */ = {
			isa = PBXVariantGroup;
			children = (
				4570AB6121F1B906004A4FDE /* Base */,
			);
			name = Main.storyboard;
			sourceTree = "<group>";
		};
		4570AB6821F1B907004A4FDE /* LaunchScreen.storyboard */ = {
			isa = PBXVariantGroup;
			children = (
				4570AB6921F1B907004A4FDE /* Base */,
			);
			name = LaunchScreen.storyboard;
			sourceTree = "<group>";
		};
/* End PBXVariantGroup section */

/* Begin XCBuildConfiguration section */
		4570AB6C21F1B907004A4FDE /* Debug */ = {
			isa = XCBuildConfiguration;
			buildSettings = {
				ALWAYS_SEARCH_USER_PATHS = NO;
				CLANG_ANALYZER_NONNULL = YES;
				CLANG_ANALYZER_NUMBER_OBJECT_CONVERSION = YES_AGGRESSIVE;
				CLANG_CXX_LANGUAGE_STANDARD = "gnu++14";
				CLANG_CXX_LIBRARY = "libc++";
				CLANG_ENABLE_MODULES = YES;
				CLANG_ENABLE_OBJC_ARC = YES;
				CLANG_ENABLE_OBJC_WEAK = YES;
				CLANG_WARN_BLOCK_CAPTURE_AUTORELEASING = YES;
				CLANG_WARN_BOOL_CONVERSION = YES;
				CLANG_WARN_COMMA = YES;
				CLANG_WARN_CONSTANT_CONVERSION = YES;
				CLANG_WARN_DEPRECATED_OBJC_IMPLEMENTATIONS = YES;
				CLANG_WARN_DIRECT_OBJC_ISA_USAGE = YES_ERROR;
				CLANG_WARN_DOCUMENTATION_COMMENTS = YES;
				CLANG_WARN_EMPTY_BODY = YES;
				CLANG_WARN_ENUM_CONVERSION = YES;
				CLANG_WARN_INFINITE_RECURSION = YES;
				CLANG_WARN_INT_CONVERSION = YES;
				CLANG_WARN_NON_LITERAL_NULL_CONVERSION = YES;
				CLANG_WARN_OBJC_IMPLICIT_RETAIN_SELF = YES;
				CLANG_WARN_OBJC_LITERAL_CONVERSION = YES;
				CLANG_WARN_OBJC_ROOT_CLASS = YES_ERROR;
				CLANG_WARN_RANGE_LOOP_ANALYSIS = YES;
				CLANG_WARN_STRICT_PROTOTYPES = YES;
				CLANG_WARN_SUSPICIOUS_MOVE = YES;
				CLANG_WARN_UNGUARDED_AVAILABILITY = YES_AGGRESSIVE;
				CLANG_WARN_UNREACHABLE_CODE = YES;
				CLANG_WARN__DUPLICATE_METHOD_MATCH = YES;
				CODE_SIGN_IDENTITY = "iPhone Developer";
				COPY_PHASE_STRIP = NO;
				DEBUG_INFORMATION_FORMAT = dwarf;
				ENABLE_STRICT_OBJC_MSGSEND = YES;
				ENABLE_TESTABILITY = YES;
				GCC_C_LANGUAGE_STANDARD = gnu11;
				GCC_DYNAMIC_NO_PIC = NO;
				GCC_NO_COMMON_BLOCKS = YES;
				GCC_OPTIMIZATION_LEVEL = 0;
				GCC_PREPROCESSOR_DEFINITIONS = (
					"DEBUG=1",
					"$(inherited)",
				);
				GCC_WARN_64_TO_32_BIT_CONVERSION = YES;
				GCC_WARN_ABOUT_RETURN_TYPE = YES_ERROR;
				GCC_WARN_UNDECLARED_SELECTOR = YES;
				GCC_WARN_UNINITIALIZED_AUTOS = YES_AGGRESSIVE;
				GCC_WARN_UNUSED_FUNCTION = YES;
				GCC_WARN_UNUSED_VARIABLE = YES;
				IPHONEOS_DEPLOYMENT_TARGET = 12.1;
				MTL_ENABLE_DEBUG_INFO = INCLUDE_SOURCE;
				MTL_FAST_MATH = YES;
				ONLY_ACTIVE_ARCH = YES;
				SDKROOT = iphoneos;
				SWIFT_ACTIVE_COMPILATION_CONDITIONS = DEBUG;
				SWIFT_OPTIMIZATION_LEVEL = "-Onone";
			};
			name = Debug;
		};
		4570AB6D21F1B907004A4FDE /* Release */ = {
			isa = XCBuildConfiguration;
			buildSettings = {
				ALWAYS_SEARCH_USER_PATHS = NO;
				CLANG_ANALYZER_NONNULL = YES;
				CLANG_ANALYZER_NUMBER_OBJECT_CONVERSION = YES_AGGRESSIVE;
				CLANG_CXX_LANGUAGE_STANDARD = "gnu++14";
				CLANG_CXX_LIBRARY = "libc++";
				CLANG_ENABLE_MODULES = YES;
				CLANG_ENABLE_OBJC_ARC = YES;
				CLANG_ENABLE_OBJC_WEAK = YES;
				CLANG_WARN_BLOCK_CAPTURE_AUTORELEASING = YES;
				CLANG_WARN_BOOL_CONVERSION = YES;
				CLANG_WARN_COMMA = YES;
				CLANG_WARN_CONSTANT_CONVERSION = YES;
				CLANG_WARN_DEPRECATED_OBJC_IMPLEMENTATIONS = YES;
				CLANG_WARN_DIRECT_OBJC_ISA_USAGE = YES_ERROR;
				CLANG_WARN_DOCUMENTATION_COMMENTS = YES;
				CLANG_WARN_EMPTY_BODY = YES;
				CLANG_WARN_ENUM_CONVERSION = YES;
				CLANG_WARN_INFINITE_RECURSION = YES;
				CLANG_WARN_INT_CONVERSION = YES;
				CLANG_WARN_NON_LITERAL_NULL_CONVERSION = YES;
				CLANG_WARN_OBJC_IMPLICIT_RETAIN_SELF = YES;
				CLANG_WARN_OBJC_LITERAL_CONVERSION = YES;
				CLANG_WARN_OBJC_ROOT_CLASS = YES_ERROR;
				CLANG_WARN_RANGE_LOOP_ANALYSIS = YES;
				CLANG_WARN_STRICT_PROTOTYPES = YES;
				CLANG_WARN_SUSPICIOUS_MOVE = YES;
				CLANG_WARN_UNGUARDED_AVAILABILITY = YES_AGGRESSIVE;
				CLANG_WARN_UNREACHABLE_CODE = YES;
				CLANG_WARN__DUPLICATE_METHOD_MATCH = YES;
				CODE_SIGN_IDENTITY = "iPhone Developer";
				COPY_PHASE_STRIP = NO;
				DEBUG_INFORMATION_FORMAT = "dwarf-with-dsym";
				ENABLE_NS_ASSERTIONS = NO;
				ENABLE_STRICT_OBJC_MSGSEND = YES;
				GCC_C_LANGUAGE_STANDARD = gnu11;
				GCC_NO_COMMON_BLOCKS = YES;
				GCC_WARN_64_TO_32_BIT_CONVERSION = YES;
				GCC_WARN_ABOUT_RETURN_TYPE = YES_ERROR;
				GCC_WARN_UNDECLARED_SELECTOR = YES;
				GCC_WARN_UNINITIALIZED_AUTOS = YES_AGGRESSIVE;
				GCC_WARN_UNUSED_FUNCTION = YES;
				GCC_WARN_UNUSED_VARIABLE = YES;
				IPHONEOS_DEPLOYMENT_TARGET = 12.1;
				MTL_ENABLE_DEBUG_INFO = NO;
				MTL_FAST_MATH = YES;
				SDKROOT = iphoneos;
				SWIFT_COMPILATION_MODE = wholemodule;
				SWIFT_OPTIMIZATION_LEVEL = "-O";
				VALIDATE_PRODUCT = YES;
			};
			name = Release;
		};
		4570AB6F21F1B907004A4FDE /* Debug */ = {
			isa = XCBuildConfiguration;
			buildSettings = {
				ASSETCATALOG_COMPILER_APPICON_NAME = AppIcon;
				CODE_SIGN_STYLE = Automatic;
				DEVELOPMENT_TEAM = G5G94ZY4FA;
				INFOPLIST_FILE = SpeakPart2/Info.plist;
				IPHONEOS_DEPLOYMENT_TARGET = 10.0;
				LD_RUNPATH_SEARCH_PATHS = (
					"$(inherited)",
					"@executable_path/Frameworks",
				);
				PRODUCT_BUNDLE_IDENTIFIER = com.zoe.SpeakTestHelper;
				PRODUCT_NAME = "$(TARGET_NAME)";
				SWIFT_VERSION = 4.2;
				TARGETED_DEVICE_FAMILY = 1;
			};
			name = Debug;
		};
		4570AB7021F1B907004A4FDE /* Release */ = {
			isa = XCBuildConfiguration;
			buildSettings = {
				ASSETCATALOG_COMPILER_APPICON_NAME = AppIcon;
				CODE_SIGN_STYLE = Automatic;
				DEVELOPMENT_TEAM = G5G94ZY4FA;
				INFOPLIST_FILE = SpeakPart2/Info.plist;
				IPHONEOS_DEPLOYMENT_TARGET = 10.0;
				LD_RUNPATH_SEARCH_PATHS = (
					"$(inherited)",
					"@executable_path/Frameworks",
				);
				PRODUCT_BUNDLE_IDENTIFIER = com.zoe.SpeakTestHelper;
				PRODUCT_NAME = "$(TARGET_NAME)";
				SWIFT_VERSION = 4.2;
				TARGETED_DEVICE_FAMILY = 1;
			};
			name = Release;
		};
/* End XCBuildConfiguration section */

/* Begin XCConfigurationList section */
		4570AB5421F1B906004A4FDE /* Build configuration list for PBXProject "SpeakPart2" */ = {
			isa = XCConfigurationList;
			buildConfigurations = (
				4570AB6C21F1B907004A4FDE /* Debug */,
				4570AB6D21F1B907004A4FDE /* Release */,
			);
			defaultConfigurationIsVisible = 0;
			defaultConfigurationName = Release;
		};
		4570AB6E21F1B907004A4FDE /* Build configuration list for PBXNativeTarget "SpeakPart2" */ = {
			isa = XCConfigurationList;
			buildConfigurations = (
				4570AB6F21F1B907004A4FDE /* Debug */,
				4570AB7021F1B907004A4FDE /* Release */,
			);
			defaultConfigurationIsVisible = 0;
			defaultConfigurationName = Release;
		};
/* End XCConfigurationList section */

/* Begin XCVersionGroup section */
		4570AB6321F1B906004A4FDE /* SpeakPart2.xcdatamodeld */ = {
			isa = XCVersionGroup;
			children = (
				4570AB6421F1B906004A4FDE /* SpeakPart2.xcdatamodel */,
			);
			currentVersion = 4570AB6421F1B906004A4FDE /* SpeakPart2.xcdatamodel */;
			path = SpeakPart2.xcdatamodeld;
			sourceTree = "<group>";
			versionGroupType = wrapper.xcdatamodel;
		};
/* End XCVersionGroup section */
	};
	rootObject = 4570AB5121F1B906004A4FDE /* Project object */;
}
